
Microsoft Visual Studio Solution File, Format Version 12.00
# Visual Studio Version 16
VisualStudioVersion = 16.0.31205.134
MinimumVisualStudioVersion = 10.0.40219.1
Project("{FAE04EC0-301F-11D3-BF4B-00C04F79EFBC}") = "RealEstate.API", "RealEstate.API\RealEstate.API.csproj", "{7F5693D3-C987-4BD5-94D7-889263E77056}"
EndProject
Global
	GlobalSection(SolutionConfigurationPlatforms) = preSolution
		Debug|Any CPU = Debug|Any CPU
		Release|Any CPU = Release|Any CPU
	EndGlobalSection
	GlobalSection(ProjectConfigurationPlatforms) = postSolution
		{7F5693D3-C987-4BD5-94D7-889263E77056}.Debug|Any CPU.ActiveCfg = Debug|Any CPU
		{7F5693D3-C987-4BD5-94D7-889263E77056}.Debug|Any CPU.Build.0 = Debug|Any CPU
		{7F5693D3-C987-4BD5-94D7-889263E77056}.Release|Any CPU.ActiveCfg = Release|Any CPU
		{7F5693D3-C987-4BD5-94D7-889263E77056}.Release|Any CPU.Build.0 = Release|Any CPU
	EndGlobalSection
	GlobalSection(SolutionProperties) = preSolution
		HideSolutionNode = FALSE
	EndGlobalSection
	GlobalSection(ExtensibilityGlobals) = postSolution
		SolutionGuid = {B8DCB47D-3C04-458E-B8C5-D94CA387A347}
	EndGlobalSection
EndGlobal
